{
  "name": "aura-server-message",
  "version": "1.0.0",
  "description": "Microservicio de mensajería en tiempo real con Arquitectura Hexagonal en Node.js.",
  "main": "src/server.js",
  "scripts": {
    "start": "node src/server.js",
    "dev": "NODE_ENV=development nodemon src/server.js",
    "migrate": "sequelize db:migrate",
    "test": "jest"
  },
  "keywords": ["node", "websocket", "ddd", "hexagonal"],
  "author": "",
  "license": "ISC",
  "dependencies": {
    "@socket.io/redis-adapter": "^8.3.0",
    "dotenv": "^16.4.5",
    "express": "^4.19.2",
    "joi": "^17.13.0",
    "jsonwebtoken": "^9.0.2",
    "mysql2": "^3.9.7",
    "pm2": "^5.3.1",
    "redis": "^4.6.13",
    "sequelize": "^6.37.3",
    "socket.io": "^4.7.5",
    "winston": "^3.13.0",
    "uuid": "^9.0.1"
  },
  "devDependencies": {
    "jest": "^29.7.0",
    "nodemon": "^3.1.0",
    "sequelize-cli": "^6.6.2",
    "supertest": "^7.0.0"
  }
}